
Microsoft Visual Studio Solution File, Format Version 12.00
# Visual Studio 2017
Project("{FAE04EC0-301F-11D3-BF4B-00C04F79EFBC}") = "1.1", "1.1.csproj", "{F8810AB0-4288-68E9-B572-523B553310DA}"
EndProject
Project("{FAE04EC0-301F-11D3-BF4B-00C04F79EFBC}") = "1.1.Plugins", "1.1.Plugins.csproj", "{B1C43F9C-B93B-FEB6-7DED-913AFD01B9DD}"
EndProject
Project("{FAE04EC0-301F-11D3-BF4B-00C04F79EFBC}") = "Unity.XR.ARKit", "Unity.XR.ARKit.csproj", "{ACBEA047-DBA3-8E52-3522-621A7126C7D7}"
EndProject
Project("{FAE04EC0-301F-11D3-BF4B-00C04F79EFBC}") = "Unity.XR.ARCore", "Unity.XR.ARCore.csproj", "{ED5A4B89-D54F-2EB2-5FDB-5EFDFD72CDD2}"
EndProject
Project("{FAE04EC0-301F-11D3-BF4B-00C04F79EFBC}") = "Unity.XR.ARExtensions", "Unity.XR.ARExtensions.csproj", "{33CDF068-F3C4-BFDA-0E30-EF11BC96A787}"
EndProject
Project("{FAE04EC0-301F-11D3-BF4B-00C04F79EFBC}") = "1.1.Editor.Plugins", "1.1.Editor.Plugins.csproj", "{F45C8FEF-8DD0-D164-C309-431FD3DFFCB1}"
EndProject
Project("{FAE04EC0-301F-11D3-BF4B-00C04F79EFBC}") = "Unity.PackageManagerUI.Editor", "Unity.PackageManagerUI.Editor.csproj", "{6877705C-FBD9-0C4F-5AFB-6FB431E5D39D}"
EndProject
Project("{FAE04EC0-301F-11D3-BF4B-00C04F79EFBC}") = "1.1.Editor", "1.1.Editor.csproj", "{CFFB62BB-4AD4-24EA-0A2F-13C6B8CA9734}"
EndProject
Project("{FAE04EC0-301F-11D3-BF4B-00C04F79EFBC}") = "Unity.XR.ARCore.Editor", "Unity.XR.ARCore.Editor.csproj", "{301999FB-2218-B418-9183-3FFAC6E56807}"
EndProject
Project("{FAE04EC0-301F-11D3-BF4B-00C04F79EFBC}") = "Unity.XR.ARExtensions.Editor", "Unity.XR.ARExtensions.Editor.csproj", "{B6F66A55-E1AD-B0D9-2FB2-353FBC74E33F}"
EndProject
Project("{FAE04EC0-301F-11D3-BF4B-00C04F79EFBC}") = "UnityEditor.StandardEvents", "UnityEditor.StandardEvents.csproj", "{6800202F-4402-D405-F8CB-03DC7BD78B92}"
EndProject
Project("{FAE04EC0-301F-11D3-BF4B-00C04F79EFBC}") = "Unity.XR.ARKit.Editor", "Unity.XR.ARKit.Editor.csproj", "{CE0BAB3B-3E25-0A80-5873-65A16824A128}"
EndProject
Global
	GlobalSection(SolutionConfigurationPlatforms) = preSolution
		Debug|Any CPU = Debug|Any CPU
		Release|Any CPU = Release|Any CPU
	EndGlobalSection
	GlobalSection(ProjectConfigurationPlatforms) = postSolution
		{F8810AB0-4288-68E9-B572-523B553310DA}.Debug|Any CPU.ActiveCfg = Debug|Any CPU
		{F8810AB0-4288-68E9-B572-523B553310DA}.Debug|Any CPU.Build.0 = Debug|Any CPU
		{F8810AB0-4288-68E9-B572-523B553310DA}.Release|Any CPU.ActiveCfg = Release|Any CPU
		{F8810AB0-4288-68E9-B572-523B553310DA}.Release|Any CPU.Build.0 = Release|Any CPU
		{B1C43F9C-B93B-FEB6-7DED-913AFD01B9DD}.Debug|Any CPU.ActiveCfg = Debug|Any CPU
		{B1C43F9C-B93B-FEB6-7DED-913AFD01B9DD}.Debug|Any CPU.Build.0 = Debug|Any CPU
		{B1C43F9C-B93B-FEB6-7DED-913AFD01B9DD}.Release|Any CPU.ActiveCfg = Release|Any CPU
		{B1C43F9C-B93B-FEB6-7DED-913AFD01B9DD}.Release|Any CPU.Build.0 = Release|Any CPU
		{ACBEA047-DBA3-8E52-3522-621A7126C7D7}.Debug|Any CPU.ActiveCfg = Debug|Any CPU
		{ACBEA047-DBA3-8E52-3522-621A7126C7D7}.Debug|Any CPU.Build.0 = Debug|Any CPU
		{ACBEA047-DBA3-8E52-3522-621A7126C7D7}.Release|Any CPU.ActiveCfg = Release|Any CPU
		{ACBEA047-DBA3-8E52-3522-621A7126C7D7}.Release|Any CPU.Build.0 = Release|Any CPU
		{ED5A4B89-D54F-2EB2-5FDB-5EFDFD72CDD2}.Debug|Any CPU.ActiveCfg = Debug|Any CPU
		{ED5A4B89-D54F-2EB2-5FDB-5EFDFD72CDD2}.Debug|Any CPU.Build.0 = Debug|Any CPU
		{ED5A4B89-D54F-2EB2-5FDB-5EFDFD72CDD2}.Release|Any CPU.ActiveCfg = Release|Any CPU
		{ED5A4B89-D54F-2EB2-5FDB-5EFDFD72CDD2}.Release|Any CPU.Build.0 = Release|Any CPU
		{33CDF068-F3C4-BFDA-0E30-EF11BC96A787}.Debug|Any CPU.ActiveCfg = Debug|Any CPU
		{33CDF068-F3C4-BFDA-0E30-EF11BC96A787}.Debug|Any CPU.Build.0 = Debug|Any CPU
		{33CDF068-F3C4-BFDA-0E30-EF11BC96A787}.Release|Any CPU.ActiveCfg = Release|Any CPU
		{33CDF068-F3C4-BFDA-0E30-EF11BC96A787}.Release|Any CPU.Build.0 = Release|Any CPU
		{F45C8FEF-8DD0-D164-C309-431FD3DFFCB1}.Debug|Any CPU.ActiveCfg = Debug|Any CPU
		{F45C8FEF-8DD0-D164-C309-431FD3DFFCB1}.Debug|Any CPU.Build.0 = Debug|Any CPU
		{F45C8FEF-8DD0-D164-C309-431FD3DFFCB1}.Release|Any CPU.ActiveCfg = Release|Any CPU
		{F45C8FEF-8DD0-D164-C309-431FD3DFFCB1}.Release|Any CPU.Build.0 = Release|Any CPU
		{6877705C-FBD9-0C4F-5AFB-6FB431E5D39D}.Debug|Any CPU.ActiveCfg = Debug|Any CPU
		{6877705C-FBD9-0C4F-5AFB-6FB431E5D39D}.Debug|Any CPU.Build.0 = Debug|Any CPU
		{6877705C-FBD9-0C4F-5AFB-6FB431E5D39D}.Release|Any CPU.ActiveCfg = Release|Any CPU
		{6877705C-FBD9-0C4F-5AFB-6FB431E5D39D}.Release|Any CPU.Build.0 = Release|Any CPU
		{CFFB62BB-4AD4-24EA-0A2F-13C6B8CA9734}.Debug|Any CPU.ActiveCfg = Debug|Any CPU
		{CFFB62BB-4AD4-24EA-0A2F-13C6B8CA9734}.Debug|Any CPU.Build.0 = Debug|Any CPU
		{CFFB62BB-4AD4-24EA-0A2F-13C6B8CA9734}.Release|Any CPU.ActiveCfg = Release|Any CPU
		{CFFB62BB-4AD4-24EA-0A2F-13C6B8CA9734}.Release|Any CPU.Build.0 = Release|Any CPU
		{301999FB-2218-B418-9183-3FFAC6E56807}.Debug|Any CPU.ActiveCfg = Debug|Any CPU
		{301999FB-2218-B418-9183-3FFAC6E56807}.Debug|Any CPU.Build.0 = Debug|Any CPU
		{301999FB-2218-B418-9183-3FFAC6E56807}.Release|Any CPU.ActiveCfg = Release|Any CPU
		{301999FB-2218-B418-9183-3FFAC6E56807}.Release|Any CPU.Build.0 = Release|Any CPU
		{B6F66A55-E1AD-B0D9-2FB2-353FBC74E33F}.Debug|Any CPU.ActiveCfg = Debug|Any CPU
		{B6F66A55-E1AD-B0D9-2FB2-353FBC74E33F}.Debug|Any CPU.Build.0 = Debug|Any CPU
		{B6F66A55-E1AD-B0D9-2FB2-353FBC74E33F}.Release|Any CPU.ActiveCfg = Release|Any CPU
		{B6F66A55-E1AD-B0D9-2FB2-353FBC74E33F}.Release|Any CPU.Build.0 = Release|Any CPU
		{6800202F-4402-D405-F8CB-03DC7BD78B92}.Debug|Any CPU.ActiveCfg = Debug|Any CPU
		{6800202F-4402-D405-F8CB-03DC7BD78B92}.Debug|Any CPU.Build.0 = Debug|Any CPU
		{6800202F-4402-D405-F8CB-03DC7BD78B92}.Release|Any CPU.ActiveCfg = Release|Any CPU
		{6800202F-4402-D405-F8CB-03DC7BD78B92}.Release|Any CPU.Build.0 = Release|Any CPU
		{CE0BAB3B-3E25-0A80-5873-65A16824A128}.Debug|Any CPU.ActiveCfg = Debug|Any CPU
		{CE0BAB3B-3E25-0A80-5873-65A16824A128}.Debug|Any CPU.Build.0 = Debug|Any CPU
		{CE0BAB3B-3E25-0A80-5873-65A16824A128}.Release|Any CPU.ActiveCfg = Release|Any CPU
		{CE0BAB3B-3E25-0A80-5873-65A16824A128}.Release|Any CPU.Build.0 = Release|Any CPU
	EndGlobalSection
	GlobalSection(SolutionProperties) = preSolution
		HideSolutionNode = FALSE
	EndGlobalSection
EndGlobal
